# This file was autogenerated by Stack.
# You should not edit this file by hand.
# For more information, please see the documentation at:
#   https://docs.haskellstack.org/en/stable/topics/lock_files

packages:
- completed:
    hackage: brillo-2.0.0@sha256:c6b57ee1563dcb2438b25478aba9e38a87831c2f1ffb0c80b95021243aece3a3,3131
    pantry-tree:
      sha256: c9e227ceb943e6c7b31c0e71182b406d73c00832377c396e86220bf3500cb843
      size: 3754
  original:
    hackage: brillo-2.0.0
- completed:
    hackage: brillo-rendering-2.0.0@sha256:0c41b1b0b4ed5c4e16471a7609b561d5d48625af429d5b971f85e7867c411150,1536
    pantry-tree:
      sha256: c857676558e5d0ef28a404a1e505edcf9d303618f470553342615dcb912ab7fa
      size: 1147
  original:
    hackage: brillo-rendering-2.0.0
snapshots:
- completed:
    sha256: a6882445afe04fd38791656e3667b491d92b9c27bcf18cda7e01c73016e828ee
    size: 728959
    url: https://raw.githubusercontent.com/commercialhaskell/stackage-snapshots/master/lts/24/36.yaml
  original:
    url: https://raw.githubusercontent.com/commercialhaskell/stackage-snapshots/master/lts/24/36.yaml
